{
  "name": "p5js-wrapper",
  "version": "1.0.0",
  "lockfileVersion": 2,
  "requires": true,
  "packages": {
    "": {
      "name": "p5js-wrapper",
      "version": "1.0.0",
      "license": "MIT",
      "dependencies": {
        "p5": "^1.4.1"
      }
    },
    "node_modules/p5": {
      "version": "1.4.1",
      "resolved": "https://registry.npmjs.org/p5/-/p5-1.4.1.tgz",
      "integrity": "sha512-3/X+qb0bK2Cg8nuZNpZZvzxkeUSRghOf0S+l8c+U8yIkUTVSbbcV0R8y96rx3InVBVhk8cH9kFC93VlZZElqSw=="
    }
  },
  "dependencies": {
    "p5": {
      "version": "1.4.1",
      "resolved": "https://registry.npmjs.org/p5/-/p5-1.4.1.tgz",
      "integrity": "sha512-3/X+qb0bK2Cg8nuZNpZZvzxkeUSRghOf0S+l8c+U8yIkUTVSbbcV0R8y96rx3InVBVhk8cH9kFC93VlZZElqSw=="
    }
  }
}
